
Microsoft Visual Studio Solution File, Format Version 12.00
# Visual Studio Version 17
VisualStudioVersion = 17.5.33530.505
MinimumVisualStudioVersion = 10.0.40219.1
Project("{FAE04EC0-301F-11D3-BF4B-00C04F79EFBC}") = "covid19", "covid19\covid19.csproj", "{0259A9D5-E33F-449F-8177-B264C28C0390}"
EndProject
Global
	GlobalSection(SolutionConfigurationPlatforms) = preSolution
		Debug|Any CPU = Debug|Any CPU
		Release|Any CPU = Release|Any CPU
	EndGlobalSection
	GlobalSection(ProjectConfigurationPlatforms) = postSolution
		{0259A9D5-E33F-449F-8177-B264C28C0390}.Debug|Any CPU.ActiveCfg = Debug|Any CPU
		{0259A9D5-E33F-449F-8177-B264C28C0390}.Debug|Any CPU.Build.0 = Debug|Any CPU
		{0259A9D5-E33F-449F-8177-B264C28C0390}.Release|Any CPU.ActiveCfg = Release|Any CPU
		{0259A9D5-E33F-449F-8177-B264C28C0390}.Release|Any CPU.Build.0 = Release|Any CPU
	EndGlobalSection
	GlobalSection(SolutionProperties) = preSolution
		HideSolutionNode = FALSE
	EndGlobalSection
	GlobalSection(ExtensibilityGlobals) = postSolution
		SolutionGuid = {DB3FAEE3-1BDA-4085-A095-BCDCC0A7C0AC}
	EndGlobalSection
EndGlobal
